{
  "object": {
    "pins": [
      {
        "package": "ImageLoader",
        "repositoryURL": "https://gitlab.com/alineOrdonez/ImageLoader.git",
        "state": {
          "branch": null,
          "revision": "7113ef880a1eada9d0931f887a7adac0edc7f1bd",
          "version": "1.0.0"
        }
      },
      {
        "package": "NetKit",
        "repositoryURL": "https://gitlab.com/alineOrdonez/NetKit.git",
        "state": {
          "branch": null,
          "revision": "3abd0259a0076e736e4a4ffa479ea5dfba964f3a",
          "version": "1.0.2"
        }
      }
    ]
  },
  "version": 1
}
